github.com/tsuna/endian v0.0.0-20250821203744-206f48965e13 h1:jOp08SdUxps8zCCx1BooQLzM2fiRhcVUtkaw7u7DFI4=
github.com/tsuna/endian v0.0.0-20250821203744-206f48965e13/go.mod h1:G2jmZN96ArY43AUug4iDgLj/xYuX9uqOEhpAQegmcPo=
golang.org/x/crypto v0.41.0 h1:WKYxWedPGCTVVl5+WHSSrOBT0O8lx32+zxmHxijgXp4=
golang.org/x/crypto v0.41.0/go.mod h1:pO5AFd7FA68rFak7rOAGVuygIISepHftHnr8dr6+sUc=
